
Microsoft Visual Studio Solution File, Format Version 12.00
# Visual Studio 2013
VisualStudioVersion = 12.0.31101.0
MinimumVisualStudioVersion = 10.0.40219.1
Project("{FAE04EC0-301F-11D3-BF4B-00C04F79EFBC}") = "FunWithSpecFlow", "FunWithSpecFlow\FunWithSpecFlow.csproj", "{42A1B1E1-7F80-4E6F-9FEB-91B46A940162}"
EndProject
Project("{FAE04EC0-301F-11D3-BF4B-00C04F79EFBC}") = "AcceptanceTests", "AcceptanceTests\AcceptanceTests.csproj", "{42CDA760-32C5-4043-8EE8-7D0A941DFB7C}"
EndProject
Global
	GlobalSection(SolutionConfigurationPlatforms) = preSolution
		Debug|Any CPU = Debug|Any CPU
		Release|Any CPU = Release|Any CPU
	EndGlobalSection
	GlobalSection(ProjectConfigurationPlatforms) = postSolution
		{42A1B1E1-7F80-4E6F-9FEB-91B46A940162}.Debug|Any CPU.ActiveCfg = Debug|Any CPU
		{42A1B1E1-7F80-4E6F-9FEB-91B46A940162}.Debug|Any CPU.Build.0 = Debug|Any CPU
		{42A1B1E1-7F80-4E6F-9FEB-91B46A940162}.Release|Any CPU.ActiveCfg = Release|Any CPU
		{42A1B1E1-7F80-4E6F-9FEB-91B46A940162}.Release|Any CPU.Build.0 = Release|Any CPU
		{42CDA760-32C5-4043-8EE8-7D0A941DFB7C}.Debug|Any CPU.ActiveCfg = Debug|Any CPU
		{42CDA760-32C5-4043-8EE8-7D0A941DFB7C}.Debug|Any CPU.Build.0 = Debug|Any CPU
		{42CDA760-32C5-4043-8EE8-7D0A941DFB7C}.Release|Any CPU.ActiveCfg = Release|Any CPU
		{42CDA760-32C5-4043-8EE8-7D0A941DFB7C}.Release|Any CPU.Build.0 = Release|Any CPU
	EndGlobalSection
	GlobalSection(SolutionProperties) = preSolution
		HideSolutionNode = FALSE
	EndGlobalSection
EndGlobal
