
Microsoft Visual Studio Solution File, Format Version 12.00
# Visual Studio 2013
VisualStudioVersion = 12.0.30723.0
MinimumVisualStudioVersion = 10.0.40219.1
Project("{FAE04EC0-301F-11D3-BF4B-00C04F79EFBC}") = "MvvmCrossSpikes.Core", "MvvmCrossSpikes.Core\MvvmCrossSpikes.Core.csproj", "{A27A7E7A-F483-4609-B381-93CBA8B64A0A}"
EndProject
Project("{FAE04EC0-301F-11D3-BF4B-00C04F79EFBC}") = "MvvmCrossSpikes.Droid", "MvvmCrossSpikes.Droid\MvvmCrossSpikes.Droid.csproj", "{4DDF2BDC-D99C-43E1-B270-9A2E3A761C92}"
EndProject
Global
	GlobalSection(SolutionConfigurationPlatforms) = preSolution
		Debug|Any CPU = Debug|Any CPU
		Release|Any CPU = Release|Any CPU
	EndGlobalSection
	GlobalSection(ProjectConfigurationPlatforms) = postSolution
		{A27A7E7A-F483-4609-B381-93CBA8B64A0A}.Debug|Any CPU.ActiveCfg = Debug|Any CPU
		{A27A7E7A-F483-4609-B381-93CBA8B64A0A}.Debug|Any CPU.Build.0 = Debug|Any CPU
		{A27A7E7A-F483-4609-B381-93CBA8B64A0A}.Release|Any CPU.ActiveCfg = Release|Any CPU
		{A27A7E7A-F483-4609-B381-93CBA8B64A0A}.Release|Any CPU.Build.0 = Release|Any CPU
		{4DDF2BDC-D99C-43E1-B270-9A2E3A761C92}.Debug|Any CPU.ActiveCfg = Debug|Any CPU
		{4DDF2BDC-D99C-43E1-B270-9A2E3A761C92}.Debug|Any CPU.Build.0 = Debug|Any CPU
		{4DDF2BDC-D99C-43E1-B270-9A2E3A761C92}.Debug|Any CPU.Deploy.0 = Debug|Any CPU
		{4DDF2BDC-D99C-43E1-B270-9A2E3A761C92}.Release|Any CPU.ActiveCfg = Release|Any CPU
		{4DDF2BDC-D99C-43E1-B270-9A2E3A761C92}.Release|Any CPU.Build.0 = Release|Any CPU
		{4DDF2BDC-D99C-43E1-B270-9A2E3A761C92}.Release|Any CPU.Deploy.0 = Release|Any CPU
	EndGlobalSection
	GlobalSection(SolutionProperties) = preSolution
		HideSolutionNode = FALSE
	EndGlobalSection
EndGlobal
