
Microsoft Visual Studio Solution File, Format Version 12.00
# Visual Studio 2013
VisualStudioVersion = 12.0.30723.0
MinimumVisualStudioVersion = 10.0.40219.1
Project("{FAE04EC0-301F-11D3-BF4B-00C04F79EFBC}") = "DroidSpike", "DroidSpike\DroidSpike.csproj", "{26738525-2D7E-409E-B74B-640931DD6727}"
EndProject
Project("{FAE04EC0-301F-11D3-BF4B-00C04F79EFBC}") = "MultiSelectImageGallery", "MultiSelectImageGallery\MultiSelectImageGallery.csproj", "{D5D87BC3-C277-4393-AD5F-217465881B2E}"
EndProject
Project("{FAE04EC0-301F-11D3-BF4B-00C04F79EFBC}") = "GalleryShareTo", "GalleryShareTo\GalleryShareTo.csproj", "{B12656A7-7DEF-41F5-AF4C-E6B981091997}"
EndProject
Project("{FAE04EC0-301F-11D3-BF4B-00C04F79EFBC}") = "FrgmentWalkthrough", "FrgmentWalkthrough\FrgmentWalkthrough.csproj", "{06B44FFB-4778-4E1F-94C1-B9F915825393}"
EndProject
Project("{FAE04EC0-301F-11D3-BF4B-00C04F79EFBC}") = "ConsoleApplication1", "ConsoleApplication1\ConsoleApplication1.csproj", "{046D592F-234D-43FE-BEAC-6BC2AD52CB41}"
EndProject
Project("{FAE04EC0-301F-11D3-BF4B-00C04F79EFBC}") = "PhotoGridView", "PhotoGridView\PhotoGridView.csproj", "{6CF1BEBB-1585-44AC-BC64-F4D21D6D4E03}"
EndProject
Project("{FAE04EC0-301F-11D3-BF4B-00C04F79EFBC}") = "FacebookEffect", "FacebookEffect\FacebookEffect.csproj", "{D46DB8D0-F8B4-4535-98DC-CF4CA9D86B58}"
EndProject
Project("{FAE04EC0-301F-11D3-BF4B-00C04F79EFBC}") = "MediaBroadcastReceiver", "MediaBroadcastReceiver\MediaBroadcastReceiver.csproj", "{65FE8ADD-A494-43C1-BED9-9E5147F8EB8F}"
EndProject
Project("{FAE04EC0-301F-11D3-BF4B-00C04F79EFBC}") = "Progress Dialog", "Progress Dialog\Progress Dialog.csproj", "{DC1EB968-EBC8-4608-BCB8-F85F3B880CCC}"
EndProject
Project("{FAE04EC0-301F-11D3-BF4B-00C04F79EFBC}") = "SwipeyView", "SwipeyView\SwipeyView.csproj", "{DEFE014E-471B-4C32-94BC-ABB760C8998D}"
EndProject
Project("{FAE04EC0-301F-11D3-BF4B-00C04F79EFBC}") = "FilteredListView", "FilteredListView\FilteredListView.csproj", "{137BC301-47D6-4E38-A61E-7DD511412BEA}"
EndProject
Project("{FAE04EC0-301F-11D3-BF4B-00C04F79EFBC}") = "DynamicThemes", "DynamicThemes\DynamicThemes.csproj", "{ABCE9D28-F301-47B8-BA3D-C0783472E2E5}"
EndProject
Project("{FAE04EC0-301F-11D3-BF4B-00C04F79EFBC}") = "AppCompatActionBar", "AppCompatActionBar\AppCompatActionBar.csproj", "{C8BCFAD0-15D9-46C2-B99C-06F13B08A633}"
EndProject
Global
	GlobalSection(SolutionConfigurationPlatforms) = preSolution
		Debug|Any CPU = Debug|Any CPU
		Release|Any CPU = Release|Any CPU
	EndGlobalSection
	GlobalSection(ProjectConfigurationPlatforms) = postSolution
		{26738525-2D7E-409E-B74B-640931DD6727}.Debug|Any CPU.ActiveCfg = Debug|Any CPU
		{26738525-2D7E-409E-B74B-640931DD6727}.Debug|Any CPU.Build.0 = Debug|Any CPU
		{26738525-2D7E-409E-B74B-640931DD6727}.Debug|Any CPU.Deploy.0 = Debug|Any CPU
		{26738525-2D7E-409E-B74B-640931DD6727}.Release|Any CPU.ActiveCfg = Release|Any CPU
		{26738525-2D7E-409E-B74B-640931DD6727}.Release|Any CPU.Build.0 = Release|Any CPU
		{26738525-2D7E-409E-B74B-640931DD6727}.Release|Any CPU.Deploy.0 = Release|Any CPU
		{D5D87BC3-C277-4393-AD5F-217465881B2E}.Debug|Any CPU.ActiveCfg = Debug|Any CPU
		{D5D87BC3-C277-4393-AD5F-217465881B2E}.Debug|Any CPU.Build.0 = Debug|Any CPU
		{D5D87BC3-C277-4393-AD5F-217465881B2E}.Debug|Any CPU.Deploy.0 = Debug|Any CPU
		{D5D87BC3-C277-4393-AD5F-217465881B2E}.Release|Any CPU.ActiveCfg = Release|Any CPU
		{D5D87BC3-C277-4393-AD5F-217465881B2E}.Release|Any CPU.Build.0 = Release|Any CPU
		{D5D87BC3-C277-4393-AD5F-217465881B2E}.Release|Any CPU.Deploy.0 = Release|Any CPU
		{B12656A7-7DEF-41F5-AF4C-E6B981091997}.Debug|Any CPU.ActiveCfg = Debug|Any CPU
		{B12656A7-7DEF-41F5-AF4C-E6B981091997}.Debug|Any CPU.Build.0 = Debug|Any CPU
		{B12656A7-7DEF-41F5-AF4C-E6B981091997}.Debug|Any CPU.Deploy.0 = Debug|Any CPU
		{B12656A7-7DEF-41F5-AF4C-E6B981091997}.Release|Any CPU.ActiveCfg = Release|Any CPU
		{B12656A7-7DEF-41F5-AF4C-E6B981091997}.Release|Any CPU.Build.0 = Release|Any CPU
		{B12656A7-7DEF-41F5-AF4C-E6B981091997}.Release|Any CPU.Deploy.0 = Release|Any CPU
		{06B44FFB-4778-4E1F-94C1-B9F915825393}.Debug|Any CPU.ActiveCfg = Debug|Any CPU
		{06B44FFB-4778-4E1F-94C1-B9F915825393}.Debug|Any CPU.Build.0 = Debug|Any CPU
		{06B44FFB-4778-4E1F-94C1-B9F915825393}.Debug|Any CPU.Deploy.0 = Debug|Any CPU
		{06B44FFB-4778-4E1F-94C1-B9F915825393}.Release|Any CPU.ActiveCfg = Release|Any CPU
		{06B44FFB-4778-4E1F-94C1-B9F915825393}.Release|Any CPU.Build.0 = Release|Any CPU
		{06B44FFB-4778-4E1F-94C1-B9F915825393}.Release|Any CPU.Deploy.0 = Release|Any CPU
		{046D592F-234D-43FE-BEAC-6BC2AD52CB41}.Debug|Any CPU.ActiveCfg = Debug|Any CPU
		{046D592F-234D-43FE-BEAC-6BC2AD52CB41}.Debug|Any CPU.Build.0 = Debug|Any CPU
		{046D592F-234D-43FE-BEAC-6BC2AD52CB41}.Release|Any CPU.ActiveCfg = Release|Any CPU
		{046D592F-234D-43FE-BEAC-6BC2AD52CB41}.Release|Any CPU.Build.0 = Release|Any CPU
		{6CF1BEBB-1585-44AC-BC64-F4D21D6D4E03}.Debug|Any CPU.ActiveCfg = Debug|Any CPU
		{6CF1BEBB-1585-44AC-BC64-F4D21D6D4E03}.Debug|Any CPU.Build.0 = Debug|Any CPU
		{6CF1BEBB-1585-44AC-BC64-F4D21D6D4E03}.Debug|Any CPU.Deploy.0 = Debug|Any CPU
		{6CF1BEBB-1585-44AC-BC64-F4D21D6D4E03}.Release|Any CPU.ActiveCfg = Release|Any CPU
		{6CF1BEBB-1585-44AC-BC64-F4D21D6D4E03}.Release|Any CPU.Build.0 = Release|Any CPU
		{6CF1BEBB-1585-44AC-BC64-F4D21D6D4E03}.Release|Any CPU.Deploy.0 = Release|Any CPU
		{D46DB8D0-F8B4-4535-98DC-CF4CA9D86B58}.Debug|Any CPU.ActiveCfg = Debug|Any CPU
		{D46DB8D0-F8B4-4535-98DC-CF4CA9D86B58}.Debug|Any CPU.Build.0 = Debug|Any CPU
		{D46DB8D0-F8B4-4535-98DC-CF4CA9D86B58}.Debug|Any CPU.Deploy.0 = Debug|Any CPU
		{D46DB8D0-F8B4-4535-98DC-CF4CA9D86B58}.Release|Any CPU.ActiveCfg = Release|Any CPU
		{D46DB8D0-F8B4-4535-98DC-CF4CA9D86B58}.Release|Any CPU.Build.0 = Release|Any CPU
		{D46DB8D0-F8B4-4535-98DC-CF4CA9D86B58}.Release|Any CPU.Deploy.0 = Release|Any CPU
		{65FE8ADD-A494-43C1-BED9-9E5147F8EB8F}.Debug|Any CPU.ActiveCfg = Debug|Any CPU
		{65FE8ADD-A494-43C1-BED9-9E5147F8EB8F}.Debug|Any CPU.Build.0 = Debug|Any CPU
		{65FE8ADD-A494-43C1-BED9-9E5147F8EB8F}.Debug|Any CPU.Deploy.0 = Debug|Any CPU
		{65FE8ADD-A494-43C1-BED9-9E5147F8EB8F}.Release|Any CPU.ActiveCfg = Release|Any CPU
		{65FE8ADD-A494-43C1-BED9-9E5147F8EB8F}.Release|Any CPU.Build.0 = Release|Any CPU
		{65FE8ADD-A494-43C1-BED9-9E5147F8EB8F}.Release|Any CPU.Deploy.0 = Release|Any CPU
		{DC1EB968-EBC8-4608-BCB8-F85F3B880CCC}.Debug|Any CPU.ActiveCfg = Debug|Any CPU
		{DC1EB968-EBC8-4608-BCB8-F85F3B880CCC}.Debug|Any CPU.Build.0 = Debug|Any CPU
		{DC1EB968-EBC8-4608-BCB8-F85F3B880CCC}.Debug|Any CPU.Deploy.0 = Debug|Any CPU
		{DC1EB968-EBC8-4608-BCB8-F85F3B880CCC}.Release|Any CPU.ActiveCfg = Release|Any CPU
		{DC1EB968-EBC8-4608-BCB8-F85F3B880CCC}.Release|Any CPU.Build.0 = Release|Any CPU
		{DC1EB968-EBC8-4608-BCB8-F85F3B880CCC}.Release|Any CPU.Deploy.0 = Release|Any CPU
		{DEFE014E-471B-4C32-94BC-ABB760C8998D}.Debug|Any CPU.ActiveCfg = Debug|Any CPU
		{DEFE014E-471B-4C32-94BC-ABB760C8998D}.Debug|Any CPU.Build.0 = Debug|Any CPU
		{DEFE014E-471B-4C32-94BC-ABB760C8998D}.Debug|Any CPU.Deploy.0 = Debug|Any CPU
		{DEFE014E-471B-4C32-94BC-ABB760C8998D}.Release|Any CPU.ActiveCfg = Release|Any CPU
		{DEFE014E-471B-4C32-94BC-ABB760C8998D}.Release|Any CPU.Build.0 = Release|Any CPU
		{DEFE014E-471B-4C32-94BC-ABB760C8998D}.Release|Any CPU.Deploy.0 = Release|Any CPU
		{137BC301-47D6-4E38-A61E-7DD511412BEA}.Debug|Any CPU.ActiveCfg = Debug|Any CPU
		{137BC301-47D6-4E38-A61E-7DD511412BEA}.Debug|Any CPU.Build.0 = Debug|Any CPU
		{137BC301-47D6-4E38-A61E-7DD511412BEA}.Debug|Any CPU.Deploy.0 = Debug|Any CPU
		{137BC301-47D6-4E38-A61E-7DD511412BEA}.Release|Any CPU.ActiveCfg = Release|Any CPU
		{137BC301-47D6-4E38-A61E-7DD511412BEA}.Release|Any CPU.Build.0 = Release|Any CPU
		{137BC301-47D6-4E38-A61E-7DD511412BEA}.Release|Any CPU.Deploy.0 = Release|Any CPU
		{ABCE9D28-F301-47B8-BA3D-C0783472E2E5}.Debug|Any CPU.ActiveCfg = Debug|Any CPU
		{ABCE9D28-F301-47B8-BA3D-C0783472E2E5}.Debug|Any CPU.Build.0 = Debug|Any CPU
		{ABCE9D28-F301-47B8-BA3D-C0783472E2E5}.Debug|Any CPU.Deploy.0 = Debug|Any CPU
		{ABCE9D28-F301-47B8-BA3D-C0783472E2E5}.Release|Any CPU.ActiveCfg = Release|Any CPU
		{ABCE9D28-F301-47B8-BA3D-C0783472E2E5}.Release|Any CPU.Build.0 = Release|Any CPU
		{ABCE9D28-F301-47B8-BA3D-C0783472E2E5}.Release|Any CPU.Deploy.0 = Release|Any CPU
		{C8BCFAD0-15D9-46C2-B99C-06F13B08A633}.Debug|Any CPU.ActiveCfg = Debug|Any CPU
		{C8BCFAD0-15D9-46C2-B99C-06F13B08A633}.Debug|Any CPU.Build.0 = Debug|Any CPU
		{C8BCFAD0-15D9-46C2-B99C-06F13B08A633}.Debug|Any CPU.Deploy.0 = Debug|Any CPU
		{C8BCFAD0-15D9-46C2-B99C-06F13B08A633}.Release|Any CPU.ActiveCfg = Release|Any CPU
		{C8BCFAD0-15D9-46C2-B99C-06F13B08A633}.Release|Any CPU.Build.0 = Release|Any CPU
		{C8BCFAD0-15D9-46C2-B99C-06F13B08A633}.Release|Any CPU.Deploy.0 = Release|Any CPU
	EndGlobalSection
	GlobalSection(SolutionProperties) = preSolution
		HideSolutionNode = FALSE
	EndGlobalSection
EndGlobal
