
Microsoft Visual Studio Solution File, Format Version 12.00
# Visual Studio 2013
VisualStudioVersion = 12.0.31101.0
MinimumVisualStudioVersion = 10.0.40219.1
Project("{FAE04EC0-301F-11D3-BF4B-00C04F79EFBC}") = "Repack", "Repack\Repack.csproj", "{C959CF06-F3FD-4754-BFBB-73A034A4D167}"
EndProject
Project("{2150E333-8FDC-42A3-9474-1A3956D46DE8}") = "Solution Items", "Solution Items", "{5A232E4F-0089-43DB-B7FB-AEAE4182E175}"
	ProjectSection(SolutionItems) = preProject
		readme.md = readme.md
	EndProjectSection
EndProject
Global
	GlobalSection(SolutionConfigurationPlatforms) = preSolution
		Debug|Any CPU = Debug|Any CPU
		Release|Any CPU = Release|Any CPU
	EndGlobalSection
	GlobalSection(ProjectConfigurationPlatforms) = postSolution
		{C959CF06-F3FD-4754-BFBB-73A034A4D167}.Debug|Any CPU.ActiveCfg = Debug|Any CPU
		{C959CF06-F3FD-4754-BFBB-73A034A4D167}.Debug|Any CPU.Build.0 = Debug|Any CPU
		{C959CF06-F3FD-4754-BFBB-73A034A4D167}.Release|Any CPU.ActiveCfg = Release|Any CPU
		{C959CF06-F3FD-4754-BFBB-73A034A4D167}.Release|Any CPU.Build.0 = Release|Any CPU
	EndGlobalSection
	GlobalSection(SolutionProperties) = preSolution
		HideSolutionNode = FALSE
	EndGlobalSection
EndGlobal
