
Microsoft Visual Studio Solution File, Format Version 12.00
# Visual Studio 2013
VisualStudioVersion = 12.0.30110.0
MinimumVisualStudioVersion = 10.0.40219.1
Project("{FAE04EC0-301F-11D3-BF4B-00C04F79EFBC}") = "AreWeThereYet", "AreWeThereYet\AreWeThereYet\AreWeThereYet.csproj", "{9F9032D9-A358-4E2A-8885-13B62DBDA855}"
EndProject
Project("{FAE04EC0-301F-11D3-BF4B-00C04F79EFBC}") = "AreWeThereYet.iOS", "AreWeThereYet\AreWeThereYet.iOS\AreWeThereYet.iOS.csproj", "{4EDA1964-1F27-4038-98F0-A59DF93C213B}"
EndProject
Project("{FAE04EC0-301F-11D3-BF4B-00C04F79EFBC}") = "AreWeThereYet.Android", "AreWeThereYet\AreWeThereYet.Android\AreWeThereYet.Android.csproj", "{128827E5-3F46-4D7A-938F-D68A3532EC53}"
EndProject
Project("{FAE04EC0-301F-11D3-BF4B-00C04F79EFBC}") = "AreWeThereYet.WinPhone", "AreWeThereYet\AreWeThereYet.WinPhone\AreWeThereYet.WinPhone.csproj", "{F217B4C1-444B-408E-BAAD-01BB61D8759B}"
EndProject
Global
	GlobalSection(SolutionConfigurationPlatforms) = preSolution
		Ad-Hoc|Any CPU = Ad-Hoc|Any CPU
		Ad-Hoc|ARM = Ad-Hoc|ARM
		Ad-Hoc|iPhone = Ad-Hoc|iPhone
		Ad-Hoc|iPhoneSimulator = Ad-Hoc|iPhoneSimulator
		Ad-Hoc|Mixed Platforms = Ad-Hoc|Mixed Platforms
		Ad-Hoc|x86 = Ad-Hoc|x86
		AppStore|Any CPU = AppStore|Any CPU
		AppStore|ARM = AppStore|ARM
		AppStore|iPhone = AppStore|iPhone
		AppStore|iPhoneSimulator = AppStore|iPhoneSimulator
		AppStore|Mixed Platforms = AppStore|Mixed Platforms
		AppStore|x86 = AppStore|x86
		Debug|Any CPU = Debug|Any CPU
		Debug|ARM = Debug|ARM
		Debug|iPhone = Debug|iPhone
		Debug|iPhoneSimulator = Debug|iPhoneSimulator
		Debug|Mixed Platforms = Debug|Mixed Platforms
		Debug|x86 = Debug|x86
		Release|Any CPU = Release|Any CPU
		Release|ARM = Release|ARM
		Release|iPhone = Release|iPhone
		Release|iPhoneSimulator = Release|iPhoneSimulator
		Release|Mixed Platforms = Release|Mixed Platforms
		Release|x86 = Release|x86
	EndGlobalSection
	GlobalSection(ProjectConfigurationPlatforms) = postSolution
		{9F9032D9-A358-4E2A-8885-13B62DBDA855}.Ad-Hoc|Any CPU.ActiveCfg = Release|Any CPU
		{9F9032D9-A358-4E2A-8885-13B62DBDA855}.Ad-Hoc|Any CPU.Build.0 = Release|Any CPU
		{9F9032D9-A358-4E2A-8885-13B62DBDA855}.Ad-Hoc|ARM.ActiveCfg = Release|Any CPU
		{9F9032D9-A358-4E2A-8885-13B62DBDA855}.Ad-Hoc|iPhone.ActiveCfg = Release|Any CPU
		{9F9032D9-A358-4E2A-8885-13B62DBDA855}.Ad-Hoc|iPhoneSimulator.ActiveCfg = Release|Any CPU
		{9F9032D9-A358-4E2A-8885-13B62DBDA855}.Ad-Hoc|Mixed Platforms.ActiveCfg = Release|Any CPU
		{9F9032D9-A358-4E2A-8885-13B62DBDA855}.Ad-Hoc|Mixed Platforms.Build.0 = Release|Any CPU
		{9F9032D9-A358-4E2A-8885-13B62DBDA855}.Ad-Hoc|x86.ActiveCfg = Release|Any CPU
		{9F9032D9-A358-4E2A-8885-13B62DBDA855}.AppStore|Any CPU.ActiveCfg = Release|Any CPU
		{9F9032D9-A358-4E2A-8885-13B62DBDA855}.AppStore|Any CPU.Build.0 = Release|Any CPU
		{9F9032D9-A358-4E2A-8885-13B62DBDA855}.AppStore|ARM.ActiveCfg = Release|Any CPU
		{9F9032D9-A358-4E2A-8885-13B62DBDA855}.AppStore|iPhone.ActiveCfg = Release|Any CPU
		{9F9032D9-A358-4E2A-8885-13B62DBDA855}.AppStore|iPhoneSimulator.ActiveCfg = Release|Any CPU
		{9F9032D9-A358-4E2A-8885-13B62DBDA855}.AppStore|Mixed Platforms.ActiveCfg = Release|Any CPU
		{9F9032D9-A358-4E2A-8885-13B62DBDA855}.AppStore|Mixed Platforms.Build.0 = Release|Any CPU
		{9F9032D9-A358-4E2A-8885-13B62DBDA855}.AppStore|x86.ActiveCfg = Release|Any CPU
		{9F9032D9-A358-4E2A-8885-13B62DBDA855}.Debug|Any CPU.ActiveCfg = Debug|Any CPU
		{9F9032D9-A358-4E2A-8885-13B62DBDA855}.Debug|Any CPU.Build.0 = Debug|Any CPU
		{9F9032D9-A358-4E2A-8885-13B62DBDA855}.Debug|ARM.ActiveCfg = Debug|Any CPU
		{9F9032D9-A358-4E2A-8885-13B62DBDA855}.Debug|iPhone.ActiveCfg = Debug|Any CPU
		{9F9032D9-A358-4E2A-8885-13B62DBDA855}.Debug|iPhoneSimulator.ActiveCfg = Debug|Any CPU
		{9F9032D9-A358-4E2A-8885-13B62DBDA855}.Debug|Mixed Platforms.ActiveCfg = Debug|Any CPU
		{9F9032D9-A358-4E2A-8885-13B62DBDA855}.Debug|Mixed Platforms.Build.0 = Debug|Any CPU
		{9F9032D9-A358-4E2A-8885-13B62DBDA855}.Debug|x86.ActiveCfg = Debug|Any CPU
		{9F9032D9-A358-4E2A-8885-13B62DBDA855}.Release|Any CPU.ActiveCfg = Release|Any CPU
		{9F9032D9-A358-4E2A-8885-13B62DBDA855}.Release|Any CPU.Build.0 = Release|Any CPU
		{9F9032D9-A358-4E2A-8885-13B62DBDA855}.Release|ARM.ActiveCfg = Release|Any CPU
		{9F9032D9-A358-4E2A-8885-13B62DBDA855}.Release|iPhone.ActiveCfg = Release|Any CPU
		{9F9032D9-A358-4E2A-8885-13B62DBDA855}.Release|iPhoneSimulator.ActiveCfg = Release|Any CPU
		{9F9032D9-A358-4E2A-8885-13B62DBDA855}.Release|Mixed Platforms.ActiveCfg = Release|Any CPU
		{9F9032D9-A358-4E2A-8885-13B62DBDA855}.Release|Mixed Platforms.Build.0 = Release|Any CPU
		{9F9032D9-A358-4E2A-8885-13B62DBDA855}.Release|x86.ActiveCfg = Release|Any CPU
		{4EDA1964-1F27-4038-98F0-A59DF93C213B}.Ad-Hoc|Any CPU.ActiveCfg = Ad-Hoc|iPhone
		{4EDA1964-1F27-4038-98F0-A59DF93C213B}.Ad-Hoc|ARM.ActiveCfg = Ad-Hoc|iPhone
		{4EDA1964-1F27-4038-98F0-A59DF93C213B}.Ad-Hoc|iPhone.ActiveCfg = Ad-Hoc|iPhone
		{4EDA1964-1F27-4038-98F0-A59DF93C213B}.Ad-Hoc|iPhone.Build.0 = Ad-Hoc|iPhone
		{4EDA1964-1F27-4038-98F0-A59DF93C213B}.Ad-Hoc|iPhone.Deploy.0 = Ad-Hoc|iPhone
		{4EDA1964-1F27-4038-98F0-A59DF93C213B}.Ad-Hoc|iPhoneSimulator.ActiveCfg = Ad-Hoc|iPhoneSimulator
		{4EDA1964-1F27-4038-98F0-A59DF93C213B}.Ad-Hoc|iPhoneSimulator.Build.0 = Ad-Hoc|iPhoneSimulator
		{4EDA1964-1F27-4038-98F0-A59DF93C213B}.Ad-Hoc|iPhoneSimulator.Deploy.0 = Ad-Hoc|iPhoneSimulator
		{4EDA1964-1F27-4038-98F0-A59DF93C213B}.Ad-Hoc|Mixed Platforms.ActiveCfg = Ad-Hoc|iPhone
		{4EDA1964-1F27-4038-98F0-A59DF93C213B}.Ad-Hoc|Mixed Platforms.Build.0 = Ad-Hoc|iPhone
		{4EDA1964-1F27-4038-98F0-A59DF93C213B}.Ad-Hoc|Mixed Platforms.Deploy.0 = Ad-Hoc|iPhone
		{4EDA1964-1F27-4038-98F0-A59DF93C213B}.Ad-Hoc|x86.ActiveCfg = Ad-Hoc|iPhone
		{4EDA1964-1F27-4038-98F0-A59DF93C213B}.AppStore|Any CPU.ActiveCfg = AppStore|iPhone
		{4EDA1964-1F27-4038-98F0-A59DF93C213B}.AppStore|ARM.ActiveCfg = AppStore|iPhone
		{4EDA1964-1F27-4038-98F0-A59DF93C213B}.AppStore|iPhone.ActiveCfg = AppStore|iPhone
		{4EDA1964-1F27-4038-98F0-A59DF93C213B}.AppStore|iPhone.Build.0 = AppStore|iPhone
		{4EDA1964-1F27-4038-98F0-A59DF93C213B}.AppStore|iPhone.Deploy.0 = AppStore|iPhone
		{4EDA1964-1F27-4038-98F0-A59DF93C213B}.AppStore|iPhoneSimulator.ActiveCfg = AppStore|iPhoneSimulator
		{4EDA1964-1F27-4038-98F0-A59DF93C213B}.AppStore|iPhoneSimulator.Build.0 = AppStore|iPhoneSimulator
		{4EDA1964-1F27-4038-98F0-A59DF93C213B}.AppStore|iPhoneSimulator.Deploy.0 = AppStore|iPhoneSimulator
		{4EDA1964-1F27-4038-98F0-A59DF93C213B}.AppStore|Mixed Platforms.ActiveCfg = AppStore|iPhone
		{4EDA1964-1F27-4038-98F0-A59DF93C213B}.AppStore|Mixed Platforms.Build.0 = AppStore|iPhone
		{4EDA1964-1F27-4038-98F0-A59DF93C213B}.AppStore|Mixed Platforms.Deploy.0 = AppStore|iPhone
		{4EDA1964-1F27-4038-98F0-A59DF93C213B}.AppStore|x86.ActiveCfg = AppStore|iPhone
		{4EDA1964-1F27-4038-98F0-A59DF93C213B}.Debug|Any CPU.ActiveCfg = Debug|iPhone
		{4EDA1964-1F27-4038-98F0-A59DF93C213B}.Debug|ARM.ActiveCfg = Debug|iPhone
		{4EDA1964-1F27-4038-98F0-A59DF93C213B}.Debug|iPhone.ActiveCfg = Debug|iPhone
		{4EDA1964-1F27-4038-98F0-A59DF93C213B}.Debug|iPhone.Build.0 = Debug|iPhone
		{4EDA1964-1F27-4038-98F0-A59DF93C213B}.Debug|iPhone.Deploy.0 = Debug|iPhone
		{4EDA1964-1F27-4038-98F0-A59DF93C213B}.Debug|iPhoneSimulator.ActiveCfg = Debug|iPhoneSimulator
		{4EDA1964-1F27-4038-98F0-A59DF93C213B}.Debug|iPhoneSimulator.Build.0 = Debug|iPhoneSimulator
		{4EDA1964-1F27-4038-98F0-A59DF93C213B}.Debug|iPhoneSimulator.Deploy.0 = Debug|iPhoneSimulator
		{4EDA1964-1F27-4038-98F0-A59DF93C213B}.Debug|Mixed Platforms.ActiveCfg = Debug|iPhone
		{4EDA1964-1F27-4038-98F0-A59DF93C213B}.Debug|Mixed Platforms.Build.0 = Debug|iPhone
		{4EDA1964-1F27-4038-98F0-A59DF93C213B}.Debug|Mixed Platforms.Deploy.0 = Debug|iPhone
		{4EDA1964-1F27-4038-98F0-A59DF93C213B}.Debug|x86.ActiveCfg = Debug|iPhone
		{4EDA1964-1F27-4038-98F0-A59DF93C213B}.Release|Any CPU.ActiveCfg = Release|iPhone
		{4EDA1964-1F27-4038-98F0-A59DF93C213B}.Release|ARM.ActiveCfg = Release|iPhone
		{4EDA1964-1F27-4038-98F0-A59DF93C213B}.Release|iPhone.ActiveCfg = Release|iPhone
		{4EDA1964-1F27-4038-98F0-A59DF93C213B}.Release|iPhone.Build.0 = Release|iPhone
		{4EDA1964-1F27-4038-98F0-A59DF93C213B}.Release|iPhone.Deploy.0 = Release|iPhone
		{4EDA1964-1F27-4038-98F0-A59DF93C213B}.Release|iPhoneSimulator.ActiveCfg = Release|iPhoneSimulator
		{4EDA1964-1F27-4038-98F0-A59DF93C213B}.Release|iPhoneSimulator.Build.0 = Release|iPhoneSimulator
		{4EDA1964-1F27-4038-98F0-A59DF93C213B}.Release|iPhoneSimulator.Deploy.0 = Release|iPhoneSimulator
		{4EDA1964-1F27-4038-98F0-A59DF93C213B}.Release|Mixed Platforms.ActiveCfg = Release|iPhone
		{4EDA1964-1F27-4038-98F0-A59DF93C213B}.Release|Mixed Platforms.Build.0 = Release|iPhone
		{4EDA1964-1F27-4038-98F0-A59DF93C213B}.Release|Mixed Platforms.Deploy.0 = Release|iPhone
		{4EDA1964-1F27-4038-98F0-A59DF93C213B}.Release|x86.ActiveCfg = Release|iPhone
		{128827E5-3F46-4D7A-938F-D68A3532EC53}.Ad-Hoc|Any CPU.ActiveCfg = Release|Any CPU
		{128827E5-3F46-4D7A-938F-D68A3532EC53}.Ad-Hoc|Any CPU.Build.0 = Release|Any CPU
		{128827E5-3F46-4D7A-938F-D68A3532EC53}.Ad-Hoc|Any CPU.Deploy.0 = Release|Any CPU
		{128827E5-3F46-4D7A-938F-D68A3532EC53}.Ad-Hoc|ARM.ActiveCfg = Release|Any CPU
		{128827E5-3F46-4D7A-938F-D68A3532EC53}.Ad-Hoc|iPhone.ActiveCfg = Release|Any CPU
		{128827E5-3F46-4D7A-938F-D68A3532EC53}.Ad-Hoc|iPhoneSimulator.ActiveCfg = Release|Any CPU
		{128827E5-3F46-4D7A-938F-D68A3532EC53}.Ad-Hoc|Mixed Platforms.ActiveCfg = Release|Any CPU
		{128827E5-3F46-4D7A-938F-D68A3532EC53}.Ad-Hoc|Mixed Platforms.Build.0 = Release|Any CPU
		{128827E5-3F46-4D7A-938F-D68A3532EC53}.Ad-Hoc|Mixed Platforms.Deploy.0 = Release|Any CPU
		{128827E5-3F46-4D7A-938F-D68A3532EC53}.Ad-Hoc|x86.ActiveCfg = Release|Any CPU
		{128827E5-3F46-4D7A-938F-D68A3532EC53}.AppStore|Any CPU.ActiveCfg = Release|Any CPU
		{128827E5-3F46-4D7A-938F-D68A3532EC53}.AppStore|Any CPU.Build.0 = Release|Any CPU
		{128827E5-3F46-4D7A-938F-D68A3532EC53}.AppStore|Any CPU.Deploy.0 = Release|Any CPU
		{128827E5-3F46-4D7A-938F-D68A3532EC53}.AppStore|ARM.ActiveCfg = Release|Any CPU
		{128827E5-3F46-4D7A-938F-D68A3532EC53}.AppStore|iPhone.ActiveCfg = Release|Any CPU
		{128827E5-3F46-4D7A-938F-D68A3532EC53}.AppStore|iPhoneSimulator.ActiveCfg = Release|Any CPU
		{128827E5-3F46-4D7A-938F-D68A3532EC53}.AppStore|Mixed Platforms.ActiveCfg = Release|Any CPU
		{128827E5-3F46-4D7A-938F-D68A3532EC53}.AppStore|Mixed Platforms.Build.0 = Release|Any CPU
		{128827E5-3F46-4D7A-938F-D68A3532EC53}.AppStore|Mixed Platforms.Deploy.0 = Release|Any CPU
		{128827E5-3F46-4D7A-938F-D68A3532EC53}.AppStore|x86.ActiveCfg = Release|Any CPU
		{128827E5-3F46-4D7A-938F-D68A3532EC53}.Debug|Any CPU.ActiveCfg = Debug|Any CPU
		{128827E5-3F46-4D7A-938F-D68A3532EC53}.Debug|Any CPU.Build.0 = Debug|Any CPU
		{128827E5-3F46-4D7A-938F-D68A3532EC53}.Debug|Any CPU.Deploy.0 = Debug|Any CPU
		{128827E5-3F46-4D7A-938F-D68A3532EC53}.Debug|ARM.ActiveCfg = Debug|Any CPU
		{128827E5-3F46-4D7A-938F-D68A3532EC53}.Debug|iPhone.ActiveCfg = Debug|Any CPU
		{128827E5-3F46-4D7A-938F-D68A3532EC53}.Debug|iPhoneSimulator.ActiveCfg = Debug|Any CPU
		{128827E5-3F46-4D7A-938F-D68A3532EC53}.Debug|Mixed Platforms.ActiveCfg = Debug|Any CPU
		{128827E5-3F46-4D7A-938F-D68A3532EC53}.Debug|Mixed Platforms.Build.0 = Debug|Any CPU
		{128827E5-3F46-4D7A-938F-D68A3532EC53}.Debug|Mixed Platforms.Deploy.0 = Debug|Any CPU
		{128827E5-3F46-4D7A-938F-D68A3532EC53}.Debug|x86.ActiveCfg = Debug|Any CPU
		{128827E5-3F46-4D7A-938F-D68A3532EC53}.Release|Any CPU.ActiveCfg = Release|Any CPU
		{128827E5-3F46-4D7A-938F-D68A3532EC53}.Release|Any CPU.Build.0 = Release|Any CPU
		{128827E5-3F46-4D7A-938F-D68A3532EC53}.Release|Any CPU.Deploy.0 = Release|Any CPU
		{128827E5-3F46-4D7A-938F-D68A3532EC53}.Release|ARM.ActiveCfg = Release|Any CPU
		{128827E5-3F46-4D7A-938F-D68A3532EC53}.Release|iPhone.ActiveCfg = Release|Any CPU
		{128827E5-3F46-4D7A-938F-D68A3532EC53}.Release|iPhoneSimulator.ActiveCfg = Release|Any CPU
		{128827E5-3F46-4D7A-938F-D68A3532EC53}.Release|Mixed Platforms.ActiveCfg = Release|Any CPU
		{128827E5-3F46-4D7A-938F-D68A3532EC53}.Release|Mixed Platforms.Build.0 = Release|Any CPU
		{128827E5-3F46-4D7A-938F-D68A3532EC53}.Release|Mixed Platforms.Deploy.0 = Release|Any CPU
		{128827E5-3F46-4D7A-938F-D68A3532EC53}.Release|x86.ActiveCfg = Release|Any CPU
		{F217B4C1-444B-408E-BAAD-01BB61D8759B}.Ad-Hoc|Any CPU.ActiveCfg = Release|Any CPU
		{F217B4C1-444B-408E-BAAD-01BB61D8759B}.Ad-Hoc|Any CPU.Build.0 = Release|Any CPU
		{F217B4C1-444B-408E-BAAD-01BB61D8759B}.Ad-Hoc|Any CPU.Deploy.0 = Release|Any CPU
		{F217B4C1-444B-408E-BAAD-01BB61D8759B}.Ad-Hoc|ARM.ActiveCfg = Release|ARM
		{F217B4C1-444B-408E-BAAD-01BB61D8759B}.Ad-Hoc|ARM.Build.0 = Release|ARM
		{F217B4C1-444B-408E-BAAD-01BB61D8759B}.Ad-Hoc|ARM.Deploy.0 = Release|ARM
		{F217B4C1-444B-408E-BAAD-01BB61D8759B}.Ad-Hoc|iPhone.ActiveCfg = Release|Any CPU
		{F217B4C1-444B-408E-BAAD-01BB61D8759B}.Ad-Hoc|iPhoneSimulator.ActiveCfg = Release|Any CPU
		{F217B4C1-444B-408E-BAAD-01BB61D8759B}.Ad-Hoc|Mixed Platforms.ActiveCfg = Release|x86
		{F217B4C1-444B-408E-BAAD-01BB61D8759B}.Ad-Hoc|Mixed Platforms.Build.0 = Release|x86
		{F217B4C1-444B-408E-BAAD-01BB61D8759B}.Ad-Hoc|Mixed Platforms.Deploy.0 = Release|x86
		{F217B4C1-444B-408E-BAAD-01BB61D8759B}.Ad-Hoc|x86.ActiveCfg = Release|x86
		{F217B4C1-444B-408E-BAAD-01BB61D8759B}.Ad-Hoc|x86.Build.0 = Release|x86
		{F217B4C1-444B-408E-BAAD-01BB61D8759B}.Ad-Hoc|x86.Deploy.0 = Release|x86
		{F217B4C1-444B-408E-BAAD-01BB61D8759B}.AppStore|Any CPU.ActiveCfg = Release|Any CPU
		{F217B4C1-444B-408E-BAAD-01BB61D8759B}.AppStore|Any CPU.Build.0 = Release|Any CPU
		{F217B4C1-444B-408E-BAAD-01BB61D8759B}.AppStore|Any CPU.Deploy.0 = Release|Any CPU
		{F217B4C1-444B-408E-BAAD-01BB61D8759B}.AppStore|ARM.ActiveCfg = Release|ARM
		{F217B4C1-444B-408E-BAAD-01BB61D8759B}.AppStore|ARM.Build.0 = Release|ARM
		{F217B4C1-444B-408E-BAAD-01BB61D8759B}.AppStore|ARM.Deploy.0 = Release|ARM
		{F217B4C1-444B-408E-BAAD-01BB61D8759B}.AppStore|iPhone.ActiveCfg = Release|Any CPU
		{F217B4C1-444B-408E-BAAD-01BB61D8759B}.AppStore|iPhoneSimulator.ActiveCfg = Release|Any CPU
		{F217B4C1-444B-408E-BAAD-01BB61D8759B}.AppStore|Mixed Platforms.ActiveCfg = Release|x86
		{F217B4C1-444B-408E-BAAD-01BB61D8759B}.AppStore|Mixed Platforms.Build.0 = Release|x86
		{F217B4C1-444B-408E-BAAD-01BB61D8759B}.AppStore|Mixed Platforms.Deploy.0 = Release|x86
		{F217B4C1-444B-408E-BAAD-01BB61D8759B}.AppStore|x86.ActiveCfg = Release|x86
		{F217B4C1-444B-408E-BAAD-01BB61D8759B}.AppStore|x86.Build.0 = Release|x86
		{F217B4C1-444B-408E-BAAD-01BB61D8759B}.AppStore|x86.Deploy.0 = Release|x86
		{F217B4C1-444B-408E-BAAD-01BB61D8759B}.Debug|Any CPU.ActiveCfg = Debug|Any CPU
		{F217B4C1-444B-408E-BAAD-01BB61D8759B}.Debug|Any CPU.Build.0 = Debug|Any CPU
		{F217B4C1-444B-408E-BAAD-01BB61D8759B}.Debug|Any CPU.Deploy.0 = Debug|Any CPU
		{F217B4C1-444B-408E-BAAD-01BB61D8759B}.Debug|ARM.ActiveCfg = Debug|ARM
		{F217B4C1-444B-408E-BAAD-01BB61D8759B}.Debug|ARM.Build.0 = Debug|ARM
		{F217B4C1-444B-408E-BAAD-01BB61D8759B}.Debug|ARM.Deploy.0 = Debug|ARM
		{F217B4C1-444B-408E-BAAD-01BB61D8759B}.Debug|iPhone.ActiveCfg = Debug|Any CPU
		{F217B4C1-444B-408E-BAAD-01BB61D8759B}.Debug|iPhoneSimulator.ActiveCfg = Debug|Any CPU
		{F217B4C1-444B-408E-BAAD-01BB61D8759B}.Debug|Mixed Platforms.ActiveCfg = Debug|x86
		{F217B4C1-444B-408E-BAAD-01BB61D8759B}.Debug|Mixed Platforms.Build.0 = Debug|x86
		{F217B4C1-444B-408E-BAAD-01BB61D8759B}.Debug|Mixed Platforms.Deploy.0 = Debug|x86
		{F217B4C1-444B-408E-BAAD-01BB61D8759B}.Debug|x86.ActiveCfg = Debug|x86
		{F217B4C1-444B-408E-BAAD-01BB61D8759B}.Debug|x86.Build.0 = Debug|x86
		{F217B4C1-444B-408E-BAAD-01BB61D8759B}.Debug|x86.Deploy.0 = Debug|x86
		{F217B4C1-444B-408E-BAAD-01BB61D8759B}.Release|Any CPU.ActiveCfg = Release|Any CPU
		{F217B4C1-444B-408E-BAAD-01BB61D8759B}.Release|Any CPU.Build.0 = Release|Any CPU
		{F217B4C1-444B-408E-BAAD-01BB61D8759B}.Release|Any CPU.Deploy.0 = Release|Any CPU
		{F217B4C1-444B-408E-BAAD-01BB61D8759B}.Release|ARM.ActiveCfg = Release|ARM
		{F217B4C1-444B-408E-BAAD-01BB61D8759B}.Release|ARM.Build.0 = Release|ARM
		{F217B4C1-444B-408E-BAAD-01BB61D8759B}.Release|ARM.Deploy.0 = Release|ARM
		{F217B4C1-444B-408E-BAAD-01BB61D8759B}.Release|iPhone.ActiveCfg = Release|Any CPU
		{F217B4C1-444B-408E-BAAD-01BB61D8759B}.Release|iPhoneSimulator.ActiveCfg = Release|Any CPU
		{F217B4C1-444B-408E-BAAD-01BB61D8759B}.Release|Mixed Platforms.ActiveCfg = Release|x86
		{F217B4C1-444B-408E-BAAD-01BB61D8759B}.Release|Mixed Platforms.Build.0 = Release|x86
		{F217B4C1-444B-408E-BAAD-01BB61D8759B}.Release|Mixed Platforms.Deploy.0 = Release|x86
		{F217B4C1-444B-408E-BAAD-01BB61D8759B}.Release|x86.ActiveCfg = Release|x86
		{F217B4C1-444B-408E-BAAD-01BB61D8759B}.Release|x86.Build.0 = Release|x86
		{F217B4C1-444B-408E-BAAD-01BB61D8759B}.Release|x86.Deploy.0 = Release|x86
	EndGlobalSection
	GlobalSection(SolutionProperties) = preSolution
		HideSolutionNode = FALSE
	EndGlobalSection
EndGlobal
