
Microsoft Visual Studio Solution File, Format Version 12.00
# Visual Studio 14
VisualStudioVersion = 14.0.23107.0
MinimumVisualStudioVersion = 10.0.40219.1
Project("{FAE04EC0-301F-11D3-BF4B-00C04F79EFBC}") = "FunWithSpikes", "FunWithSpikes\FunWithSpikes.csproj", "{7D7C2D86-5E85-4FD4-8CC8-5F41244BFFE7}"
EndProject
Project("{FAE04EC0-301F-11D3-BF4B-00C04F79EFBC}") = "FunWithNinject", "FunWithNinject\FunWithNinject.csproj", "{9C0F34D6-7D17-4E39-B9B5-440B735DB92E}"
EndProject
Project("{FAE04EC0-301F-11D3-BF4B-00C04F79EFBC}") = "FunWithLogs", "FunWithLogs\FunWithLogs.csproj", "{2A49717B-22A4-4872-B147-E65F0369202C}"
EndProject
Project("{FAE04EC0-301F-11D3-BF4B-00C04F79EFBC}") = "FunWithNuget", "FunWithNuget\FunWithNuget.csproj", "{069B9653-C071-45E8-92E7-11E899C2E6F0}"
EndProject
Project("{2150E333-8FDC-42A3-9474-1A3956D46DE8}") = "Solution Items", "Solution Items", "{47F82763-F641-44C7-9C20-7D012FD201DA}"
	ProjectSection(SolutionItems) = preProject
		..\..\.travis.yml = ..\..\.travis.yml
		..\..\appveyor.yml = ..\..\appveyor.yml
		..\..\README.md = ..\..\README.md
	EndProjectSection
EndProject
Project("{FAE04EC0-301F-11D3-BF4B-00C04F79EFBC}") = "FunWithNinject.Web", "FunWithNinject.Web\FunWithNinject.Web.csproj", "{71BAD432-029A-4236-9D74-809456B93E3C}"
EndProject
Project("{FAE04EC0-301F-11D3-BF4B-00C04F79EFBC}") = "FunWithInternals", "FunWithInternals\FunWithInternals.csproj", "{5C6739D3-5351-4863-8B4E-D3ED40099756}"
EndProject
Project("{FAE04EC0-301F-11D3-BF4B-00C04F79EFBC}") = "FunWithReflection", "FunWithReflection\FunWithReflection.csproj", "{A9375C41-254F-4837-8C5D-884C42B87FF9}"
EndProject
Project("{FAE04EC0-301F-11D3-BF4B-00C04F79EFBC}") = "FunWithMoq", "FunWithMoq\FunWithMoq.csproj", "{67320CC0-BE8E-4443-BBE1-F5AED0E8C88C}"
EndProject
Global
	GlobalSection(SolutionConfigurationPlatforms) = preSolution
		Debug|Any CPU = Debug|Any CPU
		Release|Any CPU = Release|Any CPU
	EndGlobalSection
	GlobalSection(ProjectConfigurationPlatforms) = postSolution
		{7D7C2D86-5E85-4FD4-8CC8-5F41244BFFE7}.Debug|Any CPU.ActiveCfg = Debug|Any CPU
		{7D7C2D86-5E85-4FD4-8CC8-5F41244BFFE7}.Debug|Any CPU.Build.0 = Debug|Any CPU
		{7D7C2D86-5E85-4FD4-8CC8-5F41244BFFE7}.Release|Any CPU.ActiveCfg = Release|Any CPU
		{7D7C2D86-5E85-4FD4-8CC8-5F41244BFFE7}.Release|Any CPU.Build.0 = Release|Any CPU
		{9C0F34D6-7D17-4E39-B9B5-440B735DB92E}.Debug|Any CPU.ActiveCfg = Debug|Any CPU
		{9C0F34D6-7D17-4E39-B9B5-440B735DB92E}.Debug|Any CPU.Build.0 = Debug|Any CPU
		{9C0F34D6-7D17-4E39-B9B5-440B735DB92E}.Release|Any CPU.ActiveCfg = Release|Any CPU
		{9C0F34D6-7D17-4E39-B9B5-440B735DB92E}.Release|Any CPU.Build.0 = Release|Any CPU
		{2A49717B-22A4-4872-B147-E65F0369202C}.Debug|Any CPU.ActiveCfg = Debug|Any CPU
		{2A49717B-22A4-4872-B147-E65F0369202C}.Debug|Any CPU.Build.0 = Debug|Any CPU
		{2A49717B-22A4-4872-B147-E65F0369202C}.Release|Any CPU.ActiveCfg = Release|Any CPU
		{2A49717B-22A4-4872-B147-E65F0369202C}.Release|Any CPU.Build.0 = Release|Any CPU
		{069B9653-C071-45E8-92E7-11E899C2E6F0}.Debug|Any CPU.ActiveCfg = Debug|Any CPU
		{069B9653-C071-45E8-92E7-11E899C2E6F0}.Debug|Any CPU.Build.0 = Debug|Any CPU
		{069B9653-C071-45E8-92E7-11E899C2E6F0}.Release|Any CPU.ActiveCfg = Release|Any CPU
		{069B9653-C071-45E8-92E7-11E899C2E6F0}.Release|Any CPU.Build.0 = Release|Any CPU
		{71BAD432-029A-4236-9D74-809456B93E3C}.Debug|Any CPU.ActiveCfg = Debug|Any CPU
		{71BAD432-029A-4236-9D74-809456B93E3C}.Debug|Any CPU.Build.0 = Debug|Any CPU
		{71BAD432-029A-4236-9D74-809456B93E3C}.Release|Any CPU.ActiveCfg = Release|Any CPU
		{71BAD432-029A-4236-9D74-809456B93E3C}.Release|Any CPU.Build.0 = Release|Any CPU
		{5C6739D3-5351-4863-8B4E-D3ED40099756}.Debug|Any CPU.ActiveCfg = Debug|Any CPU
		{5C6739D3-5351-4863-8B4E-D3ED40099756}.Debug|Any CPU.Build.0 = Debug|Any CPU
		{5C6739D3-5351-4863-8B4E-D3ED40099756}.Release|Any CPU.ActiveCfg = Release|Any CPU
		{5C6739D3-5351-4863-8B4E-D3ED40099756}.Release|Any CPU.Build.0 = Release|Any CPU
		{A9375C41-254F-4837-8C5D-884C42B87FF9}.Debug|Any CPU.ActiveCfg = Debug|Any CPU
		{A9375C41-254F-4837-8C5D-884C42B87FF9}.Debug|Any CPU.Build.0 = Debug|Any CPU
		{A9375C41-254F-4837-8C5D-884C42B87FF9}.Release|Any CPU.ActiveCfg = Release|Any CPU
		{A9375C41-254F-4837-8C5D-884C42B87FF9}.Release|Any CPU.Build.0 = Release|Any CPU
		{67320CC0-BE8E-4443-BBE1-F5AED0E8C88C}.Debug|Any CPU.ActiveCfg = Debug|Any CPU
		{67320CC0-BE8E-4443-BBE1-F5AED0E8C88C}.Debug|Any CPU.Build.0 = Debug|Any CPU
		{67320CC0-BE8E-4443-BBE1-F5AED0E8C88C}.Release|Any CPU.ActiveCfg = Release|Any CPU
		{67320CC0-BE8E-4443-BBE1-F5AED0E8C88C}.Release|Any CPU.Build.0 = Release|Any CPU
	EndGlobalSection
	GlobalSection(SolutionProperties) = preSolution
		HideSolutionNode = FALSE
	EndGlobalSection
EndGlobal
