
Microsoft Visual Studio Solution File, Format Version 12.00
# Visual Studio 2013
VisualStudioVersion = 12.0.31101.0
MinimumVisualStudioVersion = 10.0.40219.1
Project("{FAE04EC0-301F-11D3-BF4B-00C04F79EFBC}") = "64bitExe", "64bitExe\64bitExe.csproj", "{D9958D86-DB87-45AB-B50C-72BF643027DE}"
EndProject
Project("{FAE04EC0-301F-11D3-BF4B-00C04F79EFBC}") = "x86Exe", "x86Exe\x86Exe.csproj", "{DCFBFBEE-A7F5-406D-83BA-C85C20D2281D}"
EndProject
Project("{FAE04EC0-301F-11D3-BF4B-00C04F79EFBC}") = "AnyCpuExe", "AnyCpuExe\AnyCpuExe.csproj", "{3B419782-1B12-46A9-8146-D2FC73DE788E}"
EndProject
Project("{FAE04EC0-301F-11D3-BF4B-00C04F79EFBC}") = "AnyCpuDll", "AnyCpuDll\AnyCpuDll.csproj", "{E6FA39CB-0595-48C4-BA3F-55D2EA063BBF}"
EndProject
Project("{FAE04EC0-301F-11D3-BF4B-00C04F79EFBC}") = "64BitDll", "64BitDll\64BitDll.csproj", "{835F3604-7833-45B8-8680-D1076052174F}"
EndProject
Project("{FAE04EC0-301F-11D3-BF4B-00C04F79EFBC}") = "x86Dll", "x86Dll\x86Dll.csproj", "{2606CCF2-0AC4-4087-8F94-4365515B820A}"
EndProject
Project("{2150E333-8FDC-42A3-9474-1A3956D46DE8}") = "Solution Items", "Solution Items", "{C847B5EF-31A9-4C05-826E-07F973EBD013}"
	ProjectSection(SolutionItems) = preProject
		readme.md = readme.md
	EndProjectSection
EndProject
Global
	GlobalSection(SolutionConfigurationPlatforms) = preSolution
		Debug|Any CPU = Debug|Any CPU
		Debug|Mixed Platforms = Debug|Mixed Platforms
		Release|Any CPU = Release|Any CPU
		Release|Mixed Platforms = Release|Mixed Platforms
	EndGlobalSection
	GlobalSection(ProjectConfigurationPlatforms) = postSolution
		{D9958D86-DB87-45AB-B50C-72BF643027DE}.Debug|Any CPU.ActiveCfg = Debug|x64
		{D9958D86-DB87-45AB-B50C-72BF643027DE}.Debug|Any CPU.Build.0 = Debug|x64
		{D9958D86-DB87-45AB-B50C-72BF643027DE}.Debug|Mixed Platforms.ActiveCfg = Debug|x64
		{D9958D86-DB87-45AB-B50C-72BF643027DE}.Debug|Mixed Platforms.Build.0 = Debug|x64
		{D9958D86-DB87-45AB-B50C-72BF643027DE}.Release|Any CPU.ActiveCfg = Release|x64
		{D9958D86-DB87-45AB-B50C-72BF643027DE}.Release|Mixed Platforms.ActiveCfg = Release|x64
		{D9958D86-DB87-45AB-B50C-72BF643027DE}.Release|Mixed Platforms.Build.0 = Release|x64
		{DCFBFBEE-A7F5-406D-83BA-C85C20D2281D}.Debug|Any CPU.ActiveCfg = Debug|x86
		{DCFBFBEE-A7F5-406D-83BA-C85C20D2281D}.Debug|Any CPU.Build.0 = Debug|x86
		{DCFBFBEE-A7F5-406D-83BA-C85C20D2281D}.Debug|Mixed Platforms.ActiveCfg = Debug|x86
		{DCFBFBEE-A7F5-406D-83BA-C85C20D2281D}.Debug|Mixed Platforms.Build.0 = Debug|x86
		{DCFBFBEE-A7F5-406D-83BA-C85C20D2281D}.Release|Any CPU.ActiveCfg = Release|x86
		{DCFBFBEE-A7F5-406D-83BA-C85C20D2281D}.Release|Mixed Platforms.ActiveCfg = Release|x86
		{DCFBFBEE-A7F5-406D-83BA-C85C20D2281D}.Release|Mixed Platforms.Build.0 = Release|x86
		{3B419782-1B12-46A9-8146-D2FC73DE788E}.Debug|Any CPU.ActiveCfg = Debug|Any CPU
		{3B419782-1B12-46A9-8146-D2FC73DE788E}.Debug|Any CPU.Build.0 = Debug|Any CPU
		{3B419782-1B12-46A9-8146-D2FC73DE788E}.Debug|Mixed Platforms.ActiveCfg = Debug|Any CPU
		{3B419782-1B12-46A9-8146-D2FC73DE788E}.Debug|Mixed Platforms.Build.0 = Debug|Any CPU
		{3B419782-1B12-46A9-8146-D2FC73DE788E}.Release|Any CPU.ActiveCfg = Release|Any CPU
		{3B419782-1B12-46A9-8146-D2FC73DE788E}.Release|Any CPU.Build.0 = Release|Any CPU
		{3B419782-1B12-46A9-8146-D2FC73DE788E}.Release|Mixed Platforms.ActiveCfg = Release|Any CPU
		{3B419782-1B12-46A9-8146-D2FC73DE788E}.Release|Mixed Platforms.Build.0 = Release|Any CPU
		{E6FA39CB-0595-48C4-BA3F-55D2EA063BBF}.Debug|Any CPU.ActiveCfg = Debug|Any CPU
		{E6FA39CB-0595-48C4-BA3F-55D2EA063BBF}.Debug|Any CPU.Build.0 = Debug|Any CPU
		{E6FA39CB-0595-48C4-BA3F-55D2EA063BBF}.Debug|Mixed Platforms.ActiveCfg = Debug|Any CPU
		{E6FA39CB-0595-48C4-BA3F-55D2EA063BBF}.Debug|Mixed Platforms.Build.0 = Debug|Any CPU
		{E6FA39CB-0595-48C4-BA3F-55D2EA063BBF}.Release|Any CPU.ActiveCfg = Release|Any CPU
		{E6FA39CB-0595-48C4-BA3F-55D2EA063BBF}.Release|Any CPU.Build.0 = Release|Any CPU
		{E6FA39CB-0595-48C4-BA3F-55D2EA063BBF}.Release|Mixed Platforms.ActiveCfg = Release|Any CPU
		{E6FA39CB-0595-48C4-BA3F-55D2EA063BBF}.Release|Mixed Platforms.Build.0 = Release|Any CPU
		{835F3604-7833-45B8-8680-D1076052174F}.Debug|Any CPU.ActiveCfg = Debug|x64
		{835F3604-7833-45B8-8680-D1076052174F}.Debug|Any CPU.Build.0 = Debug|x64
		{835F3604-7833-45B8-8680-D1076052174F}.Debug|Mixed Platforms.ActiveCfg = Debug|x64
		{835F3604-7833-45B8-8680-D1076052174F}.Debug|Mixed Platforms.Build.0 = Debug|x64
		{835F3604-7833-45B8-8680-D1076052174F}.Release|Any CPU.ActiveCfg = Release|x64
		{835F3604-7833-45B8-8680-D1076052174F}.Release|Mixed Platforms.ActiveCfg = Release|x64
		{835F3604-7833-45B8-8680-D1076052174F}.Release|Mixed Platforms.Build.0 = Release|x64
		{2606CCF2-0AC4-4087-8F94-4365515B820A}.Debug|Any CPU.ActiveCfg = Debug|x86
		{2606CCF2-0AC4-4087-8F94-4365515B820A}.Debug|Mixed Platforms.ActiveCfg = Debug|x86
		{2606CCF2-0AC4-4087-8F94-4365515B820A}.Debug|Mixed Platforms.Build.0 = Debug|x86
		{2606CCF2-0AC4-4087-8F94-4365515B820A}.Release|Any CPU.ActiveCfg = Release|x86
		{2606CCF2-0AC4-4087-8F94-4365515B820A}.Release|Mixed Platforms.ActiveCfg = Release|x86
		{2606CCF2-0AC4-4087-8F94-4365515B820A}.Release|Mixed Platforms.Build.0 = Release|x86
	EndGlobalSection
	GlobalSection(SolutionProperties) = preSolution
		HideSolutionNode = FALSE
	EndGlobalSection
EndGlobal
