
Microsoft Visual Studio Solution File, Format Version 12.00
# Visual Studio 2013
VisualStudioVersion = 12.0.31101.0
MinimumVisualStudioVersion = 10.0.40219.1
Project("{FAE04EC0-301F-11D3-BF4B-00C04F79EFBC}") = "OutlookTaskPaneSpike", "OutlookTaskPaneSpike\OutlookTaskPaneSpike.csproj", "{5BF26FCF-23E2-4A78-84D9-F56C9247F052}"
EndProject
Global
	GlobalSection(SolutionConfigurationPlatforms) = preSolution
		Debug|Any CPU = Debug|Any CPU
		Release|Any CPU = Release|Any CPU
	EndGlobalSection
	GlobalSection(ProjectConfigurationPlatforms) = postSolution
		{5BF26FCF-23E2-4A78-84D9-F56C9247F052}.Debug|Any CPU.ActiveCfg = Debug|Any CPU
		{5BF26FCF-23E2-4A78-84D9-F56C9247F052}.Debug|Any CPU.Build.0 = Debug|Any CPU
		{5BF26FCF-23E2-4A78-84D9-F56C9247F052}.Release|Any CPU.ActiveCfg = Release|Any CPU
		{5BF26FCF-23E2-4A78-84D9-F56C9247F052}.Release|Any CPU.Build.0 = Release|Any CPU
	EndGlobalSection
	GlobalSection(SolutionProperties) = preSolution
		HideSolutionNode = FALSE
	EndGlobalSection
EndGlobal
